
Microsoft Visual Studio Solution File, Format Version 12.00
# Visual Studio Version 17
VisualStudioVersion = 17.5.33414.496
MinimumVisualStudioVersion = 10.0.40219.1
Project("{9A19103F-16F7-4668-BE54-9A1E7A4F7556}") = "CRM.Server", "CRM\Server\CRM.Server.csproj", "{78F9A18D-D912-4E15-BCDD-84CE046FE757}"
EndProject
Project("{9A19103F-16F7-4668-BE54-9A1E7A4F7556}") = "CRM.Client", "CRM\Client\CRM.Client.csproj", "{8A700B97-2A62-4CAA-9371-FF16B225F6FE}"
EndProject
Project("{9A19103F-16F7-4668-BE54-9A1E7A4F7556}") = "CRM.Shared", "CRM\Shared\CRM.Shared.csproj", "{F9A9CE6E-CF7B-473F-BE01-A13AF54A3E4D}"
EndProject
Project("{FAE04EC0-301F-11D3-BF4B-00C04F79EFBC}") = "CRMApi", "CRMApi\CRMApi.csproj", "{47E5004F-F695-42C1-BDE7-1A43C1BB63F9}"
EndProject
Global
	GlobalSection(SolutionConfigurationPlatforms) = preSolution
		Debug|Any CPU = Debug|Any CPU
		Release|Any CPU = Release|Any CPU
	EndGlobalSection
	GlobalSection(ProjectConfigurationPlatforms) = postSolution
		{78F9A18D-D912-4E15-BCDD-84CE046FE757}.Debug|Any CPU.ActiveCfg = Debug|Any CPU
		{78F9A18D-D912-4E15-BCDD-84CE046FE757}.Debug|Any CPU.Build.0 = Debug|Any CPU
		{78F9A18D-D912-4E15-BCDD-84CE046FE757}.Release|Any CPU.ActiveCfg = Release|Any CPU
		{78F9A18D-D912-4E15-BCDD-84CE046FE757}.Release|Any CPU.Build.0 = Release|Any CPU
		{8A700B97-2A62-4CAA-9371-FF16B225F6FE}.Debug|Any CPU.ActiveCfg = Debug|Any CPU
		{8A700B97-2A62-4CAA-9371-FF16B225F6FE}.Debug|Any CPU.Build.0 = Debug|Any CPU
		{8A700B97-2A62-4CAA-9371-FF16B225F6FE}.Release|Any CPU.ActiveCfg = Release|Any CPU
		{8A700B97-2A62-4CAA-9371-FF16B225F6FE}.Release|Any CPU.Build.0 = Release|Any CPU
		{F9A9CE6E-CF7B-473F-BE01-A13AF54A3E4D}.Debug|Any CPU.ActiveCfg = Debug|Any CPU
		{F9A9CE6E-CF7B-473F-BE01-A13AF54A3E4D}.Debug|Any CPU.Build.0 = Debug|Any CPU
		{F9A9CE6E-CF7B-473F-BE01-A13AF54A3E4D}.Release|Any CPU.ActiveCfg = Release|Any CPU
		{F9A9CE6E-CF7B-473F-BE01-A13AF54A3E4D}.Release|Any CPU.Build.0 = Release|Any CPU
		{47E5004F-F695-42C1-BDE7-1A43C1BB63F9}.Debug|Any CPU.ActiveCfg = Debug|Any CPU
		{47E5004F-F695-42C1-BDE7-1A43C1BB63F9}.Debug|Any CPU.Build.0 = Debug|Any CPU
		{47E5004F-F695-42C1-BDE7-1A43C1BB63F9}.Release|Any CPU.ActiveCfg = Release|Any CPU
		{47E5004F-F695-42C1-BDE7-1A43C1BB63F9}.Release|Any CPU.Build.0 = Release|Any CPU
	EndGlobalSection
	GlobalSection(SolutionProperties) = preSolution
		HideSolutionNode = FALSE
	EndGlobalSection
	GlobalSection(ExtensibilityGlobals) = postSolution
		SolutionGuid = {7E0CA422-AAB2-405B-B772-4B9B0CBF7EA1}
	EndGlobalSection
EndGlobal
